
Microsoft Visual Studio Solution File, Format Version 12.00
# Visual Studio 15
VisualStudioVersion = 15.0.28307.136
MinimumVisualStudioVersion = 10.0.40219.1
Project("{FAE04EC0-301F-11D3-BF4B-00C04F79EFBC}") = "LongestSequenceNewImplementation", "Hackerrank\LongestSequenceNewImplementation\LongestSequenceNewImplementation.csproj", "{98921BC0-7072-42E5-9735-3214BEE63C9A}"
EndProject
Project("{FAE04EC0-301F-11D3-BF4B-00C04F79EFBC}") = "Hackerrank", "Hackerrank\HackerrankCodeChallenge\Hackerrank.csproj", "{BA283282-B011-4E30-A33B-AFBA3AEF1EEF}"
EndProject
Project("{FAE04EC0-301F-11D3-BF4B-00C04F79EFBC}") = "Acando", "Acando\Acando.csproj", "{DD1A3BDD-C094-4C5F-99F4-2B84BCA4B115}"
EndProject
Global
	GlobalSection(SolutionConfigurationPlatforms) = preSolution
		Debug|Any CPU = Debug|Any CPU
		Release|Any CPU = Release|Any CPU
	EndGlobalSection
	GlobalSection(ProjectConfigurationPlatforms) = postSolution
		{98921BC0-7072-42E5-9735-3214BEE63C9A}.Debug|Any CPU.ActiveCfg = Debug|Any CPU
		{98921BC0-7072-42E5-9735-3214BEE63C9A}.Debug|Any CPU.Build.0 = Debug|Any CPU
		{98921BC0-7072-42E5-9735-3214BEE63C9A}.Release|Any CPU.ActiveCfg = Release|Any CPU
		{98921BC0-7072-42E5-9735-3214BEE63C9A}.Release|Any CPU.Build.0 = Release|Any CPU
		{BA283282-B011-4E30-A33B-AFBA3AEF1EEF}.Debug|Any CPU.ActiveCfg = Debug|Any CPU
		{BA283282-B011-4E30-A33B-AFBA3AEF1EEF}.Debug|Any CPU.Build.0 = Debug|Any CPU
		{BA283282-B011-4E30-A33B-AFBA3AEF1EEF}.Release|Any CPU.ActiveCfg = Release|Any CPU
		{BA283282-B011-4E30-A33B-AFBA3AEF1EEF}.Release|Any CPU.Build.0 = Release|Any CPU
		{DD1A3BDD-C094-4C5F-99F4-2B84BCA4B115}.Debug|Any CPU.ActiveCfg = Debug|Any CPU
		{DD1A3BDD-C094-4C5F-99F4-2B84BCA4B115}.Debug|Any CPU.Build.0 = Debug|Any CPU
		{DD1A3BDD-C094-4C5F-99F4-2B84BCA4B115}.Release|Any CPU.ActiveCfg = Release|Any CPU
		{DD1A3BDD-C094-4C5F-99F4-2B84BCA4B115}.Release|Any CPU.Build.0 = Release|Any CPU
	EndGlobalSection
	GlobalSection(SolutionProperties) = preSolution
		HideSolutionNode = FALSE
	EndGlobalSection
	GlobalSection(ExtensibilityGlobals) = postSolution
		SolutionGuid = {83E66164-2832-4FEF-B2D7-6E518BA46E8F}
	EndGlobalSection
EndGlobal
